{
  "nodes": {
    "home-manager": {
      "inputs": {
        "nixpkgs": [
          "nixpkgs"
        ]
      },
      "locked": {
        "lastModified": 1702195709,
        "narHash": "sha256-+zRjWAB1b0sML8JcvL1d+eWcIQZ/ut2K8qfKCL/uZBk=",
        "owner": "nix-community",
        "repo": "home-manager",
        "rev": "8b9bad5ad5213b44e1e5319c0b3e02e3d2bf87d2",
        "type": "github"
      },
      "original": {
        "owner": "nix-community",
        "ref": "release-24.05",
        "repo": "home-manager",
        "type": "github"
      }
    },
    "nixpkgs": {
      "locked": {
        "lastModified": 1702151865,
        "narHash": "sha256-9VAt19t6yQa7pHZLDbil/QctAgVsA66DLnzdRGqDisg=",
        "owner": "nixos",
        "repo": "nixpkgs",
        "rev": "666fc80e7b2afb570462423cb0e1cf1a3a34fedd",
        "type": "github"
      },
      "original": {
        "owner": "nixos",
        "ref": "nixos-24.05",
        "repo": "nixpkgs",
        "type": "github"
      }
    },
    "nixpkgs-unstable": {
      "locked": {
        "lastModified": 1702151865,
        "narHash": "sha256-9VAt19t6yQa7pHZLDbil/QctAgVsA66DLnzdRGqDisg=",
        "owner": "nixos",
        "repo": "nixpkgs",
        "rev": "666fc80e7b2afb570462423cb0e1cf1a3a34fedd",
        "type": "github"
      },
      "original": {
        "owner": "nixos",
        "ref": "nixos-unstable",
        "repo": "nixpkgs",
        "type": "github"
      }
    },
    "root": {
      "inputs": {
        "home-manager": "home-manager",
        "nixpkgs": "nixpkgs",
        "nixpkgs-unstable": "nixpkgs-unstable"
      }
    }
  },
  "root": "root",
  "version": 7
}